{
  "name": "casino-miniapp",
  "version": "1.0.0",
  "lockfileVersion": 3,
  "requires": true,
  "packages": {
    "": {
      "name": "casino-miniapp",
      "version": "1.0.0",
      "dependencies": {
        "better-sqlite3": "^12.10.0",
        "compression": "^1.7.5",
        "cors": "^2.8.5",
        "dotenv": "^16.4.7",
        "express": "^4.21.2",
        "express-rate-limit": "^7.5.0",
        "helmet": "^8.0.0",
        "joi": "^17.13.3",
        "jsonwebtoken": "^9.0.2",
        "socket.io": "^4.8.1",
        "telegraf": "^4.16.3"
      },
      "engines": {
  "node": ">=18 <27"
    }
  }
}
